<?xml version="1.0" encoding="utf-8"?>
<Project ToolsVersion="4.0" xmlns="http://schemas.microsoft.com/developer/msbuild/2003">
  <ItemGroup>
    <ClCompile Include="Character.cpp" />
    <ClCompile Include="main.cpp" />
    <ClCompile Include="ModelObject.cpp" />
    <ClCompile Include="Player.cpp" />
    <ClCompile Include="logic.cpp" />
    <ClCompile Include="Model_OBJ.cpp" />
    <ClCompile Include="Object.cpp" />
    <ClCompile Include="Controls\GameController.cpp">
      <Filter>Controls</Filter>
    </ClCompile>
    <ClCompile Include="Controls\wiimote\WiiMoteController.cpp">
      <Filter>Controls</Filter>
    </ClCompile>
    <ClCompile Include="Controls\wiimote\wiimote.cpp">
      <Filter>Controls</Filter>
    </ClCompile>
    <ClCompile Include="Objects\Collision\CollisionBox.cpp" />
    <ClCompile Include="GameObject.cpp" />
    <ClCompile Include="SoundPlayer.cpp" />
  </ItemGroup>
  <ItemGroup>
    <ClInclude Include="Character.h" />
    <ClInclude Include="ModelObject.h" />
    <ClInclude Include="Player.h" />
    <ClInclude Include="logic.h" />
    <ClInclude Include="Model_OBJ.h" />
    <ClInclude Include="Object.h" />
    <ClInclude Include="Controls\GameController.h">
      <Filter>Controls</Filter>
    </ClInclude>
    <ClInclude Include="wiimote_state.h">
      <Filter>Controls</Filter>
    </ClInclude>
    <ClInclude Include="wiimote_common.h">
      <Filter>Controls</Filter>
    </ClInclude>
    <ClInclude Include="Controls\wiimote\wiimote.h">
      <Filter>Controls</Filter>
    </ClInclude>
    <ClInclude Include="wiimote.h">
      <Filter>Controls</Filter>
    </ClInclude>
    <ClInclude Include="GameObject.h" />
    <ClInclude Include="Objects\Collision\collisionbox.h" />
    <ClInclude Include="SoundPlayer.h" />
  </ItemGroup>
  <ItemGroup>
    <Filter Include="Controls">
      <UniqueIdentifier>{7d4eff2b-c70c-471f-a529-0b8525ded126}</UniqueIdentifier>
    </Filter>
  </ItemGroup>
</Project>